
Microsoft Visual Studio Solution File, Format Version 12.00
# Visual Studio 15
VisualStudioVersion = 15.0.28010.2046
MinimumVisualStudioVersion = 10.0.40219.1
Project("{8BC9CEB8-8B4A-11D0-8D11-00A0C91BC942}") = "ConsoleApplication5", "ConsoleApplication5\ConsoleApplication5.vcxproj", "{2796B3D8-484F-4691-B3E6-B1B37C058307}"
EndProject
Global
	GlobalSection(SolutionConfigurationPlatforms) = preSolution
		Debug|x64 = Debug|x64
		Debug|x86 = Debug|x86
		Release|x64 = Release|x64
		Release|x86 = Release|x86
	EndGlobalSection
	GlobalSection(ProjectConfigurationPlatforms) = postSolution
		{2796B3D8-484F-4691-B3E6-B1B37C058307}.Debug|x64.ActiveCfg = Debug|x64
		{2796B3D8-484F-4691-B3E6-B1B37C058307}.Debug|x64.Build.0 = Debug|x64
		{2796B3D8-484F-4691-B3E6-B1B37C058307}.Debug|x86.ActiveCfg = Debug|Win32
		{2796B3D8-484F-4691-B3E6-B1B37C058307}.Debug|x86.Build.0 = Debug|Win32
		{2796B3D8-484F-4691-B3E6-B1B37C058307}.Release|x64.ActiveCfg = Release|x64
		{2796B3D8-484F-4691-B3E6-B1B37C058307}.Release|x64.Build.0 = Release|x64
		{2796B3D8-484F-4691-B3E6-B1B37C058307}.Release|x86.ActiveCfg = Release|Win32
		{2796B3D8-484F-4691-B3E6-B1B37C058307}.Release|x86.Build.0 = Release|Win32
	EndGlobalSection
	GlobalSection(SolutionProperties) = preSolution
		HideSolutionNode = FALSE
	EndGlobalSection
	GlobalSection(ExtensibilityGlobals) = postSolution
		SolutionGuid = {962C747E-6709-4D7C-8DA8-B86E40DFEF9B}
	EndGlobalSection
EndGlobal
