
Microsoft Visual Studio Solution File, Format Version 12.00
# Visual Studio 15
VisualStudioVersion = 15.0.27004.2010
MinimumVisualStudioVersion = 10.0.40219.1
Project("{8BC9CEB8-8B4A-11D0-8D11-00A0C91BC942}") = "SynchronizeData", "SynchronizeData\SynchronizeData.vcxproj", "{187AB523-0FC1-4FC4-9542-1C7C8C821DDB}"
EndProject
Global
	GlobalSection(SolutionConfigurationPlatforms) = preSolution
		Debug|x64 = Debug|x64
		Debug|x86 = Debug|x86
		Release|x64 = Release|x64
		Release|x86 = Release|x86
	EndGlobalSection
	GlobalSection(ProjectConfigurationPlatforms) = postSolution
		{187AB523-0FC1-4FC4-9542-1C7C8C821DDB}.Debug|x64.ActiveCfg = Debug|x64
		{187AB523-0FC1-4FC4-9542-1C7C8C821DDB}.Debug|x64.Build.0 = Debug|x64
		{187AB523-0FC1-4FC4-9542-1C7C8C821DDB}.Debug|x86.ActiveCfg = Debug|Win32
		{187AB523-0FC1-4FC4-9542-1C7C8C821DDB}.Debug|x86.Build.0 = Debug|Win32
		{187AB523-0FC1-4FC4-9542-1C7C8C821DDB}.Release|x64.ActiveCfg = Release|x64
		{187AB523-0FC1-4FC4-9542-1C7C8C821DDB}.Release|x64.Build.0 = Release|x64
		{187AB523-0FC1-4FC4-9542-1C7C8C821DDB}.Release|x86.ActiveCfg = Release|Win32
		{187AB523-0FC1-4FC4-9542-1C7C8C821DDB}.Release|x86.Build.0 = Release|Win32
	EndGlobalSection
	GlobalSection(SolutionProperties) = preSolution
		HideSolutionNode = FALSE
	EndGlobalSection
	GlobalSection(ExtensibilityGlobals) = postSolution
		SolutionGuid = {FB751881-DFA0-4E27-8D61-04BF686FC6F7}
	EndGlobalSection
EndGlobal
